// !$*UTF8*$!
{
	archiveVersion = 1;
	classes = {
	};
	objectVersion = 77;
	objects = {

/* Begin PBXContainerItemProxy section */
		D82915882CEC06D5004ED46C /* PBXContainerItemProxy */ = {
			isa = PBXContainerItemProxy;
			containerPortal = D829156F2CEC06D3004ED46C /* Project object */;
			proxyType = 1;
			remoteGlobalIDString = D82915762CEC06D3004ED46C;
			remoteInfo = VoaVibe;
		};
		D82915922CEC06D5004ED46C /* PBXContainerItemProxy */ = {
			isa = PBXContainerItemProxy;
			containerPortal = D829156F2CEC06D3004ED46C /* Project object */;
			proxyType = 1;
			remoteGlobalIDString = D82915762CEC06D3004ED46C;
			remoteInfo = VoaVibe;
		};
/* End PBXContainerItemProxy section */

/* Begin PBXFileReference section */
		D82915772CEC06D3004ED46C /* VoaVibe.app */ = {isa = PBXFileReference; explicitFileType = wrapper.application; includeInIndex = 0; path = VoaVibe.app; sourceTree = BUILT_PRODUCTS_DIR; };
		D82915872CEC06D5004ED46C /* VoaVibeTests.xctest */ = {isa = PBXFileReference; explicitFileType = wrapper.cfbundle; includeInIndex = 0; path = VoaVibeTests.xctest; sourceTree = BUILT_PRODUCTS_DIR; };
		D82915912CEC06D5004ED46C /* VoaVibeUITests.xctest */ = {isa = PBXFileReference; explicitFileType = wrapper.cfbundle; includeInIndex = 0; path = VoaVibeUITests.xctest; sourceTree = BUILT_PRODUCTS_DIR; };
/* End PBXFileReference section */

/* Begin PBXFileSystemSynchronizedRootGroup section */
		D82915792CEC06D3004ED46C /* VoaVibe */ = {
			isa = PBXFileSystemSynchronizedRootGroup;
			path = VoaVibe;
			sourceTree = "<group>";
		};
		D829158A2CEC06D5004ED46C /* VoaVibeTests */ = {
			isa = PBXFileSystemSynchronizedRootGroup;
			path = VoaVibeTests;
			sourceTree = "<group>";
		};
		D82915942CEC06D5004ED46C /* VoaVibeUITests */ = {
			isa = PBXFileSystemSynchronizedRootGroup;
			path = VoaVibeUITests;
			sourceTree = "<group>";
		};
/* End PBXFileSystemSynchronizedRootGroup section */

/* Begin PBXFrameworksBuildPhase section */
		D82915742CEC06D3004ED46C /* Frameworks */ = {
			isa = PBXFrameworksBuildPhase;
			buildActionMask = 2147483647;
			files = (
			);
			runOnlyForDeploymentPostprocessing = 0;
		};
		D82915842CEC06D5004ED46C /* Frameworks */ = {
			isa = PBXFrameworksBuildPhase;
			buildActionMask = 2147483647;
			files = (
			);
			runOnlyForDeploymentPostprocessing = 0;
		};
		D829158E2CEC06D5004ED46C /* Frameworks */ = {
			isa = PBXFrameworksBuildPhase;
			buildActionMask = 2147483647;
			files = (
			);
			runOnlyForDeploymentPostprocessing = 0;
		};
/* End PBXFrameworksBuildPhase section */

/* Begin PBXGroup section */
		D829156E2CEC06D3004ED46C = {
			isa = PBXGroup;
			children = (
				D82915792CEC06D3004ED46C /* VoaVibe */,
				D829158A2CEC06D5004ED46C /* VoaVibeTests */,
				D82915942CEC06D5004ED46C /* VoaVibeUITests */,
				D82915782CEC06D3004ED46C /* Products */,
			);
			sourceTree = "<group>";
		};
		D82915782CEC06D3004ED46C /* Products */ = {
			isa = PBXGroup;
			children = (
				D82915772CEC06D3004ED46C /* VoaVibe.app */,
				D82915872CEC06D5004ED46C /* VoaVibeTests.xctest */,
				D82915912CEC06D5004ED46C /* VoaVibeUITests.xctest */,
			);
			name = Products;
			sourceTree = "<group>";
		};
/* End PBXGroup section */

/* Begin PBXNativeTarget section */
		D82915762CEC06D3004ED46C /* VoaVibe */ = {
			isa = PBXNativeTarget;
			buildConfigurationList = D829159B2CEC06D5004ED46C /* Build configuration list for PBXNativeTarget "VoaVibe" */;
			buildPhases = (
				D82915732CEC06D3004ED46C /* Sources */,
				D82915742CEC06D3004ED46C /* Frameworks */,
				D82915752CEC06D3004ED46C /* Resources */,
			);
			buildRules = (
			);
			dependencies = (
			);
			fileSystemSynchronizedGroups = (
				D82915792CEC06D3004ED46C /* VoaVibe */,
			);
			name = VoaVibe;
			packageProductDependencies = (
			);
			productName = VoaVibe;
			productReference = D82915772CEC06D3004ED46C /* VoaVibe.app */;
			productType = "com.apple.product-type.application";
		};
		D82915862CEC06D5004ED46C /* VoaVibeTests */ = {
			isa = PBXNativeTarget;
			buildConfigurationList = D829159E2CEC06D5004ED46C /* Build configuration list for PBXNativeTarget "VoaVibeTests" */;
			buildPhases = (
				D82915832CEC06D5004ED46C /* Sources */,
				D82915842CEC06D5004ED46C /* Frameworks */,
				D82915852CEC06D5004ED46C /* Resources */,
			);
			buildRules = (
			);
			dependencies = (
				D82915892CEC06D5004ED46C /* PBXTargetDependency */,
			);
			fileSystemSynchronizedGroups = (
				D829158A2CEC06D5004ED46C /* VoaVibeTests */,
			);
			name = VoaVibeTests;
			packageProductDependencies = (
			);
			productName = VoaVibeTests;
			productReference = D82915872CEC06D5004ED46C /* VoaVibeTests.xctest */;
			productType = "com.apple.product-type.bundle.unit-test";
		};
		D82915902CEC06D5004ED46C /* VoaVibeUITests */ = {
			isa = PBXNativeTarget;
			buildConfigurationList = D82915A12CEC06D5004ED46C /* Build configuration list for PBXNativeTarget "VoaVibeUITests" */;
			buildPhases = (
				D829158D2CEC06D5004ED46C /* Sources */,
				D829158E2CEC06D5004ED46C /* Frameworks */,
				D829158F2CEC06D5004ED46C /* Resources */,
			);
			buildRules = (
			);
			dependencies = (
				D82915932CEC06D5004ED46C /* PBXTargetDependency */,
			);
			fileSystemSynchronizedGroups = (
				D82915942CEC06D5004ED46C /* VoaVibeUITests */,
			);
			name = VoaVibeUITests;
			packageProductDependencies = (
			);
			productName = VoaVibeUITests;
			productReference = D82915912CEC06D5004ED46C /* VoaVibeUITests.xctest */;
			productType = "com.apple.product-type.bundle.ui-testing";
		};
/* End PBXNativeTarget section */

/* Begin PBXProject section */
		D829156F2CEC06D3004ED46C /* Project object */ = {
			isa = PBXProject;
			attributes = {
				BuildIndependentTargetsInParallel = 1;
				LastSwiftUpdateCheck = 1600;
				LastUpgradeCheck = 1600;
				TargetAttributes = {
					D82915762CEC06D3004ED46C = {
						CreatedOnToolsVersion = 16.0;
					};
					D82915862CEC06D5004ED46C = {
						CreatedOnToolsVersion = 16.0;
						TestTargetID = D82915762CEC06D3004ED46C;
					};
					D82915902CEC06D5004ED46C = {
						CreatedOnToolsVersion = 16.0;
						TestTargetID = D82915762CEC06D3004ED46C;
					};
				};
			};
			buildConfigurationList = D82915722CEC06D3004ED46C /* Build configuration list for PBXProject "VoaVibe" */;
			developmentRegion = en;
			hasScannedForEncodings = 0;
			knownRegions = (
				en,
				Base,
			);
			mainGroup = D829156E2CEC06D3004ED46C;
			minimizedProjectReferenceProxies = 1;
			preferredProjectObjectVersion = 77;
			productRefGroup = D82915782CEC06D3004ED46C /* Products */;
			projectDirPath = "";
			projectRoot = "";
			targets = (
				D82915762CEC06D3004ED46C /* VoaVibe */,
				D82915862CEC06D5004ED46C /* VoaVibeTests */,
				D82915902CEC06D5004ED46C /* VoaVibeUITests */,
			);
		};
/* End PBXProject section */

/* Begin PBXResourcesBuildPhase section */
		D82915752CEC06D3004ED46C /* Resources */ = {
			isa = PBXResourcesBuildPhase;
			buildActionMask = 2147483647;
			files = (
			);
			runOnlyForDeploymentPostprocessing = 0;
		};
		D82915852CEC06D5004ED46C /* Resources */ = {
			isa = PBXResourcesBuildPhase;
			buildActionMask = 2147483647;
			files = (
			);
			runOnlyForDeploymentPostprocessing = 0;
		};
		D829158F2CEC06D5004ED46C /* Resources */ = {
			isa = PBXResourcesBuildPhase;
			buildActionMask = 2147483647;
			files = (
			);
			runOnlyForDeploymentPostprocessing = 0;
		};
/* End PBXResourcesBuildPhase section */

/* Begin PBXSourcesBuildPhase section */
		D82915732CEC06D3004ED46C /* Sources */ = {
			isa = PBXSourcesBuildPhase;
			buildActionMask = 2147483647;
			files = (
			);
			runOnlyForDeploymentPostprocessing = 0;
		};
		D82915832CEC06D5004ED46C /* Sources */ = {
			isa = PBXSourcesBuildPhase;
			buildActionMask = 2147483647;
			files = (
			);
			runOnlyForDeploymentPostprocessing = 0;
		};
		D829158D2CEC06D5004ED46C /* Sources */ = {
			isa = PBXSourcesBuildPhase;
			buildActionMask = 2147483647;
			files = (
			);
			runOnlyForDeploymentPostprocessing = 0;
		};
/* End PBXSourcesBuildPhase section */

/* Begin PBXTargetDependency section */
		D82915892CEC06D5004ED46C /* PBXTargetDependency */ = {
			isa = PBXTargetDependency;
			target = D82915762CEC06D3004ED46C /* VoaVibe */;
			targetProxy = D82915882CEC06D5004ED46C /* PBXContainerItemProxy */;
		};
		D82915932CEC06D5004ED46C /* PBXTargetDependency */ = {
			isa = PBXTargetDependency;
			target = D82915762CEC06D3004ED46C /* VoaVibe */;
			targetProxy = D82915922CEC06D5004ED46C /* PBXContainerItemProxy */;
		};
/* End PBXTargetDependency section */

/* Begin XCBuildConfiguration section */
		D82915992CEC06D5004ED46C /* Debug */ = {
			isa = XCBuildConfiguration;
			buildSettings = {
				ALWAYS_SEARCH_USER_PATHS = NO;
				ASSETCATALOG_COMPILER_GENERATE_SWIFT_ASSET_SYMBOL_EXTENSIONS = YES;
				CLANG_ANALYZER_NONNULL = YES;
				CLANG_ANALYZER_NUMBER_OBJECT_CONVERSION = YES_AGGRESSIVE;
				CLANG_CXX_LANGUAGE_STANDARD = "gnu++20";
				CLANG_ENABLE_MODULES = YES;
				CLANG_ENABLE_OBJC_ARC = YES;
				CLANG_ENABLE_OBJC_WEAK = YES;
				CLANG_WARN_BLOCK_CAPTURE_AUTORELEASING = YES;
				CLANG_WARN_BOOL_CONVERSION = YES;
				CLANG_WARN_COMMA = YES;
				CLANG_WARN_CONSTANT_CONVERSION = YES;
				CLANG_WARN_DEPRECATED_OBJC_IMPLEMENTATIONS = YES;
				CLANG_WARN_DIRECT_OBJC_ISA_USAGE = YES_ERROR;
				CLANG_WARN_DOCUMENTATION_COMMENTS = YES;
				CLANG_WARN_EMPTY_BODY = YES;
				CLANG_WARN_ENUM_CONVERSION = YES;
				CLANG_WARN_INFINITE_RECURSION = YES;
				CLANG_WARN_INT_CONVERSION = YES;
				CLANG_WARN_NON_LITERAL_NULL_CONVERSION = YES;
				CLANG_WARN_OBJC_IMPLICIT_RETAIN_SELF = YES;
				CLANG_WARN_OBJC_LITERAL_CONVERSION = YES;
				CLANG_WARN_OBJC_ROOT_CLASS = YES_ERROR;
				CLANG_WARN_QUOTED_INCLUDE_IN_FRAMEWORK_HEADER = YES;
				CLANG_WARN_RANGE_LOOP_ANALYSIS = YES;
				CLANG_WARN_STRICT_PROTOTYPES = YES;
				CLANG_WARN_SUSPICIOUS_MOVE = YES;
				CLANG_WARN_UNGUARDED_AVAILABILITY = YES_AGGRESSIVE;
				CLANG_WARN_UNREACHABLE_CODE = YES;
				CLANG_WARN__DUPLICATE_METHOD_MATCH = YES;
				COPY_PHASE_STRIP = NO;
				DEBUG_INFORMATION_FORMAT = dwarf;
				ENABLE_STRICT_OBJC_MSGSEND = YES;
				ENABLE_TESTABILITY = YES;
				ENABLE_USER_SCRIPT_SANDBOXING = YES;
				GCC_C_LANGUAGE_STANDARD = gnu17;
				GCC_DYNAMIC_NO_PIC = NO;
				GCC_NO_COMMON_BLOCKS = YES;
				GCC_OPTIMIZATION_LEVEL = 0;
				GCC_PREPROCESSOR_DEFINITIONS = (
					"DEBUG=1",
					"$(inherited)",
				);
				GCC_WARN_64_TO_32_BIT_CONVERSION = YES;
				GCC_WARN_ABOUT_RETURN_TYPE = YES_ERROR;
				GCC_WARN_UNDECLARED_SELECTOR = YES;
				GCC_WARN_UNINITIALIZED_AUTOS = YES_AGGRESSIVE;
				GCC_WARN_UNUSED_FUNCTION = YES;
				GCC_WARN_UNUSED_VARIABLE = YES;
				IPHONEOS_DEPLOYMENT_TARGET = 18.0;
				LOCALIZATION_PREFERS_STRING_CATALOGS = YES;
				MTL_ENABLE_DEBUG_INFO = INCLUDE_SOURCE;
				MTL_FAST_MATH = YES;
				ONLY_ACTIVE_ARCH = YES;
				SDKROOT = iphoneos;
				SWIFT_ACTIVE_COMPILATION_CONDITIONS = "DEBUG $(inherited)";
				SWIFT_OPTIMIZATION_LEVEL = "-Onone";
			};
			name = Debug;
		};
		D829159A2CEC06D5004ED46C /* Release */ = {
			isa = XCBuildConfiguration;
			buildSettings = {
				ALWAYS_SEARCH_USER_PATHS = NO;
				ASSETCATALOG_COMPILER_GENERATE_SWIFT_ASSET_SYMBOL_EXTENSIONS = YES;
				CLANG_ANALYZER_NONNULL = YES;
				CLANG_ANALYZER_NUMBER_OBJECT_CONVERSION = YES_AGGRESSIVE;
				CLANG_CXX_LANGUAGE_STANDARD = "gnu++20";
				CLANG_ENABLE_MODULES = YES;
				CLANG_ENABLE_OBJC_ARC = YES;
				CLANG_ENABLE_OBJC_WEAK = YES;
				CLANG_WARN_BLOCK_CAPTURE_AUTORELEASING = YES;
				CLANG_WARN_BOOL_CONVERSION = YES;
				CLANG_WARN_COMMA = YES;
				CLANG_WARN_CONSTANT_CONVERSION = YES;
				CLANG_WARN_DEPRECATED_OBJC_IMPLEMENTATIONS = YES;
				CLANG_WARN_DIRECT_OBJC_ISA_USAGE = YES_ERROR;
				CLANG_WARN_DOCUMENTATION_COMMENTS = YES;
				CLANG_WARN_EMPTY_BODY = YES;
				CLANG_WARN_ENUM_CONVERSION = YES;
				CLANG_WARN_INFINITE_RECURSION = YES;
				CLANG_WARN_INT_CONVERSION = YES;
				CLANG_WARN_NON_LITERAL_NULL_CONVERSION = YES;
				CLANG_WARN_OBJC_IMPLICIT_RETAIN_SELF = YES;
				CLANG_WARN_OBJC_LITERAL_CONVERSION = YES;
				CLANG_WARN_OBJC_ROOT_CLASS = YES_ERROR;
				CLANG_WARN_QUOTED_INCLUDE_IN_FRAMEWORK_HEADER = YES;
				CLANG_WARN_RANGE_LOOP_ANALYSIS = YES;
				CLANG_WARN_STRICT_PROTOTYPES = YES;
				CLANG_WARN_SUSPICIOUS_MOVE = YES;
				CLANG_WARN_UNGUARDED_AVAILABILITY = YES_AGGRESSIVE;
				CLANG_WARN_UNREACHABLE_CODE = YES;
				CLANG_WARN__DUPLICATE_METHOD_MATCH = YES;
				COPY_PHASE_STRIP = NO;
				DEBUG_INFORMATION_FORMAT = "dwarf-with-dsym";
				ENABLE_NS_ASSERTIONS = NO;
				ENABLE_STRICT_OBJC_MSGSEND = YES;
				ENABLE_USER_SCRIPT_SANDBOXING = YES;
				GCC_C_LANGUAGE_STANDARD = gnu17;
				GCC_NO_COMMON_BLOCKS = YES;
				GCC_WARN_64_TO_32_BIT_CONVERSION = YES;
				GCC_WARN_ABOUT_RETURN_TYPE = YES_ERROR;
				GCC_WARN_UNDECLARED_SELECTOR = YES;
				GCC_WARN_UNINITIALIZED_AUTOS = YES_AGGRESSIVE;
				GCC_WARN_UNUSED_FUNCTION = YES;
				GCC_WARN_UNUSED_VARIABLE = YES;
				IPHONEOS_DEPLOYMENT_TARGET = 18.0;
				LOCALIZATION_PREFERS_STRING_CATALOGS = YES;
				MTL_ENABLE_DEBUG_INFO = NO;
				MTL_FAST_MATH = YES;
				SDKROOT = iphoneos;
				SWIFT_COMPILATION_MODE = wholemodule;
				VALIDATE_PRODUCT = YES;
			};
			name = Release;
		};
		D829159C2CEC06D5004ED46C /* Debug */ = {
			isa = XCBuildConfiguration;
			buildSettings = {
				ASSETCATALOG_COMPILER_APPICON_NAME = AppIcon;
				ASSETCATALOG_COMPILER_GLOBAL_ACCENT_COLOR_NAME = AccentColor;
				CODE_SIGN_STYLE = Automatic;
				CURRENT_PROJECT_VERSION = 1;
				DEVELOPMENT_ASSET_PATHS = "\"VoaVibe/Preview Content\"";
				ENABLE_PREVIEWS = YES;
				GENERATE_INFOPLIST_FILE = YES;
				INFOPLIST_KEY_UIApplicationSceneManifest_Generation = YES;
				INFOPLIST_KEY_UIApplicationSupportsIndirectInputEvents = YES;
				INFOPLIST_KEY_UILaunchScreen_Generation = YES;
				INFOPLIST_KEY_UISupportedInterfaceOrientations_iPad = "UIInterfaceOrientationPortrait UIInterfaceOrientationPortraitUpsideDown UIInterfaceOrientationLandscapeLeft UIInterfaceOrientationLandscapeRight";
				INFOPLIST_KEY_UISupportedInterfaceOrientations_iPhone = "UIInterfaceOrientationPortrait UIInterfaceOrientationLandscapeLeft UIInterfaceOrientationLandscapeRight";
				LD_RUNPATH_SEARCH_PATHS = (
					"$(inherited)",
					"@executable_path/Frameworks",
				);
				MARKETING_VERSION = 1.0;
				PRODUCT_BUNDLE_IDENTIFIER = "hello-world.VoaVibe";
				PRODUCT_NAME = "$(TARGET_NAME)";
				SWIFT_EMIT_LOC_STRINGS = YES;
				SWIFT_VERSION = 5.0;
				TARGETED_DEVICE_FAMILY = "1,2";
			};
			name = Debug;
		};
		D829159D2CEC06D5004ED46C /* Release */ = {
			isa = XCBuildConfiguration;
			buildSettings = {
				ASSETCATALOG_COMPILER_APPICON_NAME = AppIcon;
				ASSETCATALOG_COMPILER_GLOBAL_ACCENT_COLOR_NAME = AccentColor;
				CODE_SIGN_STYLE = Automatic;
				CURRENT_PROJECT_VERSION = 1;
				DEVELOPMENT_ASSET_PATHS = "\"VoaVibe/Preview Content\"";
				ENABLE_PREVIEWS = YES;
				GENERATE_INFOPLIST_FILE = YES;
				INFOPLIST_KEY_UIApplicationSceneManifest_Generation = YES;
				INFOPLIST_KEY_UIApplicationSupportsIndirectInputEvents = YES;
				INFOPLIST_KEY_UILaunchScreen_Generation = YES;
				INFOPLIST_KEY_UISupportedInterfaceOrientations_iPad = "UIInterfaceOrientationPortrait UIInterfaceOrientationPortraitUpsideDown UIInterfaceOrientationLandscapeLeft UIInterfaceOrientationLandscapeRight";
				INFOPLIST_KEY_UISupportedInterfaceOrientations_iPhone = "UIInterfaceOrientationPortrait UIInterfaceOrientationLandscapeLeft UIInterfaceOrientationLandscapeRight";
				LD_RUNPATH_SEARCH_PATHS = (
					"$(inherited)",
					"@executable_path/Frameworks",
				);
				MARKETING_VERSION = 1.0;
				PRODUCT_BUNDLE_IDENTIFIER = "hello-world.VoaVibe";
				PRODUCT_NAME = "$(TARGET_NAME)";
				SWIFT_EMIT_LOC_STRINGS = YES;
				SWIFT_VERSION = 5.0;
				TARGETED_DEVICE_FAMILY = "1,2";
			};
			name = Release;
		};
		D829159F2CEC06D5004ED46C /* Debug */ = {
			isa = XCBuildConfiguration;
			buildSettings = {
				BUNDLE_LOADER = "$(TEST_HOST)";
				CODE_SIGN_STYLE = Automatic;
				CURRENT_PROJECT_VERSION = 1;
				GENERATE_INFOPLIST_FILE = YES;
				IPHONEOS_DEPLOYMENT_TARGET = 18.0;
				MARKETING_VERSION = 1.0;
				PRODUCT_BUNDLE_IDENTIFIER = "hello-world.VoaVibeTests";
				PRODUCT_NAME = "$(TARGET_NAME)";
				SWIFT_EMIT_LOC_STRINGS = NO;
				SWIFT_VERSION = 5.0;
				TARGETED_DEVICE_FAMILY = "1,2";
				TEST_HOST = "$(BUILT_PRODUCTS_DIR)/VoaVibe.app/$(BUNDLE_EXECUTABLE_FOLDER_PATH)/VoaVibe";
			};
			name = Debug;
		};
		D82915A02CEC06D5004ED46C /* Release */ = {
			isa = XCBuildConfiguration;
			buildSettings = {
				BUNDLE_LOADER = "$(TEST_HOST)";
				CODE_SIGN_STYLE = Automatic;
				CURRENT_PROJECT_VERSION = 1;
				GENERATE_INFOPLIST_FILE = YES;
				IPHONEOS_DEPLOYMENT_TARGET = 18.0;
				MARKETING_VERSION = 1.0;
				PRODUCT_BUNDLE_IDENTIFIER = "hello-world.VoaVibeTests";
				PRODUCT_NAME = "$(TARGET_NAME)";
				SWIFT_EMIT_LOC_STRINGS = NO;
				SWIFT_VERSION = 5.0;
				TARGETED_DEVICE_FAMILY = "1,2";
				TEST_HOST = "$(BUILT_PRODUCTS_DIR)/VoaVibe.app/$(BUNDLE_EXECUTABLE_FOLDER_PATH)/VoaVibe";
			};
			name = Release;
		};
		D82915A22CEC06D5004ED46C /* Debug */ = {
			isa = XCBuildConfiguration;
			buildSettings = {
				CODE_SIGN_STYLE = Automatic;
				CURRENT_PROJECT_VERSION = 1;
				GENERATE_INFOPLIST_FILE = YES;
				MARKETING_VERSION = 1.0;
				PRODUCT_BUNDLE_IDENTIFIER = "hello-world.VoaVibeUITests";
				PRODUCT_NAME = "$(TARGET_NAME)";
				SWIFT_EMIT_LOC_STRINGS = NO;
				SWIFT_VERSION = 5.0;
				TARGETED_DEVICE_FAMILY = "1,2";
				TEST_TARGET_NAME = VoaVibe;
			};
			name = Debug;
		};
		D82915A32CEC06D5004ED46C /* Release */ = {
			isa = XCBuildConfiguration;
			buildSettings = {
				CODE_SIGN_STYLE = Automatic;
				CURRENT_PROJECT_VERSION = 1;
				GENERATE_INFOPLIST_FILE = YES;
				MARKETING_VERSION = 1.0;
				PRODUCT_BUNDLE_IDENTIFIER = "hello-world.VoaVibeUITests";
				PRODUCT_NAME = "$(TARGET_NAME)";
				SWIFT_EMIT_LOC_STRINGS = NO;
				SWIFT_VERSION = 5.0;
				TARGETED_DEVICE_FAMILY = "1,2";
				TEST_TARGET_NAME = VoaVibe;
			};
			name = Release;
		};
/* End XCBuildConfiguration section */

/* Begin XCConfigurationList section */
		D82915722CEC06D3004ED46C /* Build configuration list for PBXProject "VoaVibe" */ = {
			isa = XCConfigurationList;
			buildConfigurations = (
				D82915992CEC06D5004ED46C /* Debug */,
				D829159A2CEC06D5004ED46C /* Release */,
			);
			defaultConfigurationIsVisible = 0;
			defaultConfigurationName = Release;
		};
		D829159B2CEC06D5004ED46C /* Build configuration list for PBXNativeTarget "VoaVibe" */ = {
			isa = XCConfigurationList;
			buildConfigurations = (
				D829159C2CEC06D5004ED46C /* Debug */,
				D829159D2CEC06D5004ED46C /* Release */,
			);
			defaultConfigurationIsVisible = 0;
			defaultConfigurationName = Release;
		};
		D829159E2CEC06D5004ED46C /* Build configuration list for PBXNativeTarget "VoaVibeTests" */ = {
			isa = XCConfigurationList;
			buildConfigurations = (
				D829159F2CEC06D5004ED46C /* Debug */,
				D82915A02CEC06D5004ED46C /* Release */,
			);
			defaultConfigurationIsVisible = 0;
			defaultConfigurationName = Release;
		};
		D82915A12CEC06D5004ED46C /* Build configuration list for PBXNativeTarget "VoaVibeUITests" */ = {
			isa = XCConfigurationList;
			buildConfigurations = (
				D82915A22CEC06D5004ED46C /* Debug */,
				D82915A32CEC06D5004ED46C /* Release */,
			);
			defaultConfigurationIsVisible = 0;
			defaultConfigurationName = Release;
		};
/* End XCConfigurationList section */
	};
	rootObject = D829156F2CEC06D3004ED46C /* Project object */;
}
